
Microsoft Visual Studio Solution File, Format Version 12.00
# Visual Studio 14
VisualStudioVersion = 14.0.23107.0
MinimumVisualStudioVersion = 10.0.40219.1
Project("{FAE04EC0-301F-11D3-BF4B-00C04F79EFBC}") = "Domain", "TaxiCompany\Domain.csproj", "{4A5B7DC7-D61E-4ABF-819A-B93537594B3E}"
EndProject
Project("{FAE04EC0-301F-11D3-BF4B-00C04F79EFBC}") = "Leasson1", "Leasson1\Leasson1.csproj", "{D444B42F-07B9-4520-A6D1-2335F3F3296B}"
EndProject
Project("{FAE04EC0-301F-11D3-BF4B-00C04F79EFBC}") = "Logical", "Logical\Logical.csproj", "{240FF9C5-FB3B-4791-997D-68B65B1D85CF}"
EndProject
Project("{FAE04EC0-301F-11D3-BF4B-00C04F79EFBC}") = "ConsoleApplication2", "ConsoleApplication2\ConsoleApplication2.csproj", "{86B53D2C-42E3-4382-9D1E-930EF4512A57}"
EndProject
Project("{FAE04EC0-301F-11D3-BF4B-00C04F79EFBC}") = "Infrastructure", "Infrastructure\Infrastructure.csproj", "{81D8FE23-24A4-4931-83EF-81199E787189}"
EndProject
Project("{FAE04EC0-301F-11D3-BF4B-00C04F79EFBC}") = "Interface", "Interface\Interface.csproj", "{F79461B1-0D1A-4A24-A30D-2D2F46A4E793}"
EndProject
Project("{FAE04EC0-301F-11D3-BF4B-00C04F79EFBC}") = "DesignPattern", "DesignPattern\DesignPattern.csproj", "{35AD83E7-F6C5-4E1A-947B-348E16F023AD}"
EndProject
Project("{FAE04EC0-301F-11D3-BF4B-00C04F79EFBC}") = "TestsCase", "TestsCase\TestsCase.csproj", "{E1CBB0D7-A288-4326-92B5-1805C25CD6EF}"
EndProject
Project("{FAE04EC0-301F-11D3-BF4B-00C04F79EFBC}") = "AdoDB", "AdoDB\AdoDB.csproj", "{27738788-BF25-410B-9E4F-9283E1E1CFE1}"
EndProject
Project("{FAE04EC0-301F-11D3-BF4B-00C04F79EFBC}") = "Factories", "Factories\Factories.csproj", "{23D5FFB5-2C3E-4545-9660-742421AB222E}"
EndProject
Project("{FAE04EC0-301F-11D3-BF4B-00C04F79EFBC}") = "RepositoryImplementation", "RepositoryImplementation\RepositoryImplementation.csproj", "{1D2784F7-B564-4E74-B91D-CE10B084BD41}"
EndProject
Project("{FAE04EC0-301F-11D3-BF4B-00C04F79EFBC}") = "DomainMapping", "DomainMapping\DomainMapping.csproj", "{35ABF5C1-C3EE-47D8-BE49-57A5DD0278BB}"
EndProject
Project("{FAE04EC0-301F-11D3-BF4B-00C04F79EFBC}") = "RepositoryInterface", "RepositoryInterface\RepositoryInterface.csproj", "{80D3EB34-4D63-4DF2-8E23-5899597DB4DD}"
EndProject
Project("{FAE04EC0-301F-11D3-BF4B-00C04F79EFBC}") = "Taxi", "Taxi\Taxi.csproj", "{7219DDAD-D702-484E-8A87-0E8B79416D30}"
EndProject
Project("{FAE04EC0-301F-11D3-BF4B-00C04F79EFBC}") = "Taxi.Tests", "Taxi.Tests\Taxi.Tests.csproj", "{A9281320-7E8E-459F-8172-63FF88C246E7}"
EndProject
Global
	GlobalSection(SolutionConfigurationPlatforms) = preSolution
		Debug|Any CPU = Debug|Any CPU
		Debug|x64 = Debug|x64
		Debug|x86 = Debug|x86
		Release|Any CPU = Release|Any CPU
		Release|x64 = Release|x64
		Release|x86 = Release|x86
	EndGlobalSection
	GlobalSection(ProjectConfigurationPlatforms) = postSolution
		{4A5B7DC7-D61E-4ABF-819A-B93537594B3E}.Debug|Any CPU.ActiveCfg = Debug|Any CPU
		{4A5B7DC7-D61E-4ABF-819A-B93537594B3E}.Debug|Any CPU.Build.0 = Debug|Any CPU
		{4A5B7DC7-D61E-4ABF-819A-B93537594B3E}.Debug|x64.ActiveCfg = Debug|Any CPU
		{4A5B7DC7-D61E-4ABF-819A-B93537594B3E}.Debug|x64.Build.0 = Debug|Any CPU
		{4A5B7DC7-D61E-4ABF-819A-B93537594B3E}.Debug|x86.ActiveCfg = Debug|Any CPU
		{4A5B7DC7-D61E-4ABF-819A-B93537594B3E}.Debug|x86.Build.0 = Debug|Any CPU
		{4A5B7DC7-D61E-4ABF-819A-B93537594B3E}.Release|Any CPU.ActiveCfg = Release|Any CPU
		{4A5B7DC7-D61E-4ABF-819A-B93537594B3E}.Release|Any CPU.Build.0 = Release|Any CPU
		{4A5B7DC7-D61E-4ABF-819A-B93537594B3E}.Release|x64.ActiveCfg = Release|Any CPU
		{4A5B7DC7-D61E-4ABF-819A-B93537594B3E}.Release|x64.Build.0 = Release|Any CPU
		{4A5B7DC7-D61E-4ABF-819A-B93537594B3E}.Release|x86.ActiveCfg = Release|Any CPU
		{4A5B7DC7-D61E-4ABF-819A-B93537594B3E}.Release|x86.Build.0 = Release|Any CPU
		{D444B42F-07B9-4520-A6D1-2335F3F3296B}.Debug|Any CPU.ActiveCfg = Debug|Any CPU
		{D444B42F-07B9-4520-A6D1-2335F3F3296B}.Debug|x64.ActiveCfg = Debug|Any CPU
		{D444B42F-07B9-4520-A6D1-2335F3F3296B}.Debug|x64.Build.0 = Debug|Any CPU
		{D444B42F-07B9-4520-A6D1-2335F3F3296B}.Debug|x86.ActiveCfg = Debug|Any CPU
		{D444B42F-07B9-4520-A6D1-2335F3F3296B}.Debug|x86.Build.0 = Debug|Any CPU
		{D444B42F-07B9-4520-A6D1-2335F3F3296B}.Release|Any CPU.ActiveCfg = Release|Any CPU
		{D444B42F-07B9-4520-A6D1-2335F3F3296B}.Release|Any CPU.Build.0 = Release|Any CPU
		{D444B42F-07B9-4520-A6D1-2335F3F3296B}.Release|x64.ActiveCfg = Release|Any CPU
		{D444B42F-07B9-4520-A6D1-2335F3F3296B}.Release|x64.Build.0 = Release|Any CPU
		{D444B42F-07B9-4520-A6D1-2335F3F3296B}.Release|x86.ActiveCfg = Release|Any CPU
		{D444B42F-07B9-4520-A6D1-2335F3F3296B}.Release|x86.Build.0 = Release|Any CPU
		{240FF9C5-FB3B-4791-997D-68B65B1D85CF}.Debug|Any CPU.ActiveCfg = Debug|Any CPU
		{240FF9C5-FB3B-4791-997D-68B65B1D85CF}.Debug|Any CPU.Build.0 = Debug|Any CPU
		{240FF9C5-FB3B-4791-997D-68B65B1D85CF}.Debug|x64.ActiveCfg = Debug|Any CPU
		{240FF9C5-FB3B-4791-997D-68B65B1D85CF}.Debug|x64.Build.0 = Debug|Any CPU
		{240FF9C5-FB3B-4791-997D-68B65B1D85CF}.Debug|x86.ActiveCfg = Debug|Any CPU
		{240FF9C5-FB3B-4791-997D-68B65B1D85CF}.Debug|x86.Build.0 = Debug|Any CPU
		{240FF9C5-FB3B-4791-997D-68B65B1D85CF}.Release|Any CPU.ActiveCfg = Release|Any CPU
		{240FF9C5-FB3B-4791-997D-68B65B1D85CF}.Release|Any CPU.Build.0 = Release|Any CPU
		{240FF9C5-FB3B-4791-997D-68B65B1D85CF}.Release|x64.ActiveCfg = Release|Any CPU
		{240FF9C5-FB3B-4791-997D-68B65B1D85CF}.Release|x64.Build.0 = Release|Any CPU
		{240FF9C5-FB3B-4791-997D-68B65B1D85CF}.Release|x86.ActiveCfg = Release|Any CPU
		{240FF9C5-FB3B-4791-997D-68B65B1D85CF}.Release|x86.Build.0 = Release|Any CPU
		{86B53D2C-42E3-4382-9D1E-930EF4512A57}.Debug|Any CPU.ActiveCfg = Debug|Any CPU
		{86B53D2C-42E3-4382-9D1E-930EF4512A57}.Debug|x64.ActiveCfg = Debug|Any CPU
		{86B53D2C-42E3-4382-9D1E-930EF4512A57}.Debug|x64.Build.0 = Debug|Any CPU
		{86B53D2C-42E3-4382-9D1E-930EF4512A57}.Debug|x86.ActiveCfg = Debug|Any CPU
		{86B53D2C-42E3-4382-9D1E-930EF4512A57}.Debug|x86.Build.0 = Debug|Any CPU
		{86B53D2C-42E3-4382-9D1E-930EF4512A57}.Release|Any CPU.ActiveCfg = Release|Any CPU
		{86B53D2C-42E3-4382-9D1E-930EF4512A57}.Release|Any CPU.Build.0 = Release|Any CPU
		{86B53D2C-42E3-4382-9D1E-930EF4512A57}.Release|x64.ActiveCfg = Release|Any CPU
		{86B53D2C-42E3-4382-9D1E-930EF4512A57}.Release|x64.Build.0 = Release|Any CPU
		{86B53D2C-42E3-4382-9D1E-930EF4512A57}.Release|x86.ActiveCfg = Release|Any CPU
		{86B53D2C-42E3-4382-9D1E-930EF4512A57}.Release|x86.Build.0 = Release|Any CPU
		{81D8FE23-24A4-4931-83EF-81199E787189}.Debug|Any CPU.ActiveCfg = Debug|Any CPU
		{81D8FE23-24A4-4931-83EF-81199E787189}.Debug|Any CPU.Build.0 = Debug|Any CPU
		{81D8FE23-24A4-4931-83EF-81199E787189}.Debug|x64.ActiveCfg = Debug|Any CPU
		{81D8FE23-24A4-4931-83EF-81199E787189}.Debug|x64.Build.0 = Debug|Any CPU
		{81D8FE23-24A4-4931-83EF-81199E787189}.Debug|x86.ActiveCfg = Debug|Any CPU
		{81D8FE23-24A4-4931-83EF-81199E787189}.Debug|x86.Build.0 = Debug|Any CPU
		{81D8FE23-24A4-4931-83EF-81199E787189}.Release|Any CPU.ActiveCfg = Release|Any CPU
		{81D8FE23-24A4-4931-83EF-81199E787189}.Release|Any CPU.Build.0 = Release|Any CPU
		{81D8FE23-24A4-4931-83EF-81199E787189}.Release|x64.ActiveCfg = Release|Any CPU
		{81D8FE23-24A4-4931-83EF-81199E787189}.Release|x64.Build.0 = Release|Any CPU
		{81D8FE23-24A4-4931-83EF-81199E787189}.Release|x86.ActiveCfg = Release|Any CPU
		{81D8FE23-24A4-4931-83EF-81199E787189}.Release|x86.Build.0 = Release|Any CPU
		{F79461B1-0D1A-4A24-A30D-2D2F46A4E793}.Debug|Any CPU.ActiveCfg = Debug|Any CPU
		{F79461B1-0D1A-4A24-A30D-2D2F46A4E793}.Debug|Any CPU.Build.0 = Debug|Any CPU
		{F79461B1-0D1A-4A24-A30D-2D2F46A4E793}.Debug|x64.ActiveCfg = Debug|Any CPU
		{F79461B1-0D1A-4A24-A30D-2D2F46A4E793}.Debug|x64.Build.0 = Debug|Any CPU
		{F79461B1-0D1A-4A24-A30D-2D2F46A4E793}.Debug|x86.ActiveCfg = Debug|Any CPU
		{F79461B1-0D1A-4A24-A30D-2D2F46A4E793}.Debug|x86.Build.0 = Debug|Any CPU
		{F79461B1-0D1A-4A24-A30D-2D2F46A4E793}.Release|Any CPU.ActiveCfg = Release|Any CPU
		{F79461B1-0D1A-4A24-A30D-2D2F46A4E793}.Release|Any CPU.Build.0 = Release|Any CPU
		{F79461B1-0D1A-4A24-A30D-2D2F46A4E793}.Release|x64.ActiveCfg = Release|Any CPU
		{F79461B1-0D1A-4A24-A30D-2D2F46A4E793}.Release|x64.Build.0 = Release|Any CPU
		{F79461B1-0D1A-4A24-A30D-2D2F46A4E793}.Release|x86.ActiveCfg = Release|Any CPU
		{F79461B1-0D1A-4A24-A30D-2D2F46A4E793}.Release|x86.Build.0 = Release|Any CPU
		{35AD83E7-F6C5-4E1A-947B-348E16F023AD}.Debug|Any CPU.ActiveCfg = Debug|Any CPU
		{35AD83E7-F6C5-4E1A-947B-348E16F023AD}.Debug|Any CPU.Build.0 = Debug|Any CPU
		{35AD83E7-F6C5-4E1A-947B-348E16F023AD}.Debug|x64.ActiveCfg = Debug|Any CPU
		{35AD83E7-F6C5-4E1A-947B-348E16F023AD}.Debug|x64.Build.0 = Debug|Any CPU
		{35AD83E7-F6C5-4E1A-947B-348E16F023AD}.Debug|x86.ActiveCfg = Debug|Any CPU
		{35AD83E7-F6C5-4E1A-947B-348E16F023AD}.Debug|x86.Build.0 = Debug|Any CPU
		{35AD83E7-F6C5-4E1A-947B-348E16F023AD}.Release|Any CPU.ActiveCfg = Release|Any CPU
		{35AD83E7-F6C5-4E1A-947B-348E16F023AD}.Release|Any CPU.Build.0 = Release|Any CPU
		{35AD83E7-F6C5-4E1A-947B-348E16F023AD}.Release|x64.ActiveCfg = Release|Any CPU
		{35AD83E7-F6C5-4E1A-947B-348E16F023AD}.Release|x64.Build.0 = Release|Any CPU
		{35AD83E7-F6C5-4E1A-947B-348E16F023AD}.Release|x86.ActiveCfg = Release|Any CPU
		{35AD83E7-F6C5-4E1A-947B-348E16F023AD}.Release|x86.Build.0 = Release|Any CPU
		{E1CBB0D7-A288-4326-92B5-1805C25CD6EF}.Debug|Any CPU.ActiveCfg = Debug|Any CPU
		{E1CBB0D7-A288-4326-92B5-1805C25CD6EF}.Debug|x64.ActiveCfg = Debug|Any CPU
		{E1CBB0D7-A288-4326-92B5-1805C25CD6EF}.Debug|x64.Build.0 = Debug|Any CPU
		{E1CBB0D7-A288-4326-92B5-1805C25CD6EF}.Debug|x86.ActiveCfg = Debug|Any CPU
		{E1CBB0D7-A288-4326-92B5-1805C25CD6EF}.Debug|x86.Build.0 = Debug|Any CPU
		{E1CBB0D7-A288-4326-92B5-1805C25CD6EF}.Release|Any CPU.ActiveCfg = Release|Any CPU
		{E1CBB0D7-A288-4326-92B5-1805C25CD6EF}.Release|Any CPU.Build.0 = Release|Any CPU
		{E1CBB0D7-A288-4326-92B5-1805C25CD6EF}.Release|x64.ActiveCfg = Release|Any CPU
		{E1CBB0D7-A288-4326-92B5-1805C25CD6EF}.Release|x64.Build.0 = Release|Any CPU
		{E1CBB0D7-A288-4326-92B5-1805C25CD6EF}.Release|x86.ActiveCfg = Release|Any CPU
		{E1CBB0D7-A288-4326-92B5-1805C25CD6EF}.Release|x86.Build.0 = Release|Any CPU
		{27738788-BF25-410B-9E4F-9283E1E1CFE1}.Debug|Any CPU.ActiveCfg = Debug|Any CPU
		{27738788-BF25-410B-9E4F-9283E1E1CFE1}.Debug|Any CPU.Build.0 = Debug|Any CPU
		{27738788-BF25-410B-9E4F-9283E1E1CFE1}.Debug|x64.ActiveCfg = Debug|Any CPU
		{27738788-BF25-410B-9E4F-9283E1E1CFE1}.Debug|x64.Build.0 = Debug|Any CPU
		{27738788-BF25-410B-9E4F-9283E1E1CFE1}.Debug|x86.ActiveCfg = Debug|Any CPU
		{27738788-BF25-410B-9E4F-9283E1E1CFE1}.Debug|x86.Build.0 = Debug|Any CPU
		{27738788-BF25-410B-9E4F-9283E1E1CFE1}.Release|Any CPU.ActiveCfg = Release|Any CPU
		{27738788-BF25-410B-9E4F-9283E1E1CFE1}.Release|Any CPU.Build.0 = Release|Any CPU
		{27738788-BF25-410B-9E4F-9283E1E1CFE1}.Release|x64.ActiveCfg = Release|Any CPU
		{27738788-BF25-410B-9E4F-9283E1E1CFE1}.Release|x64.Build.0 = Release|Any CPU
		{27738788-BF25-410B-9E4F-9283E1E1CFE1}.Release|x86.ActiveCfg = Release|Any CPU
		{27738788-BF25-410B-9E4F-9283E1E1CFE1}.Release|x86.Build.0 = Release|Any CPU
		{23D5FFB5-2C3E-4545-9660-742421AB222E}.Debug|Any CPU.ActiveCfg = Debug|Any CPU
		{23D5FFB5-2C3E-4545-9660-742421AB222E}.Debug|Any CPU.Build.0 = Debug|Any CPU
		{23D5FFB5-2C3E-4545-9660-742421AB222E}.Debug|x64.ActiveCfg = Debug|Any CPU
		{23D5FFB5-2C3E-4545-9660-742421AB222E}.Debug|x64.Build.0 = Debug|Any CPU
		{23D5FFB5-2C3E-4545-9660-742421AB222E}.Debug|x86.ActiveCfg = Debug|Any CPU
		{23D5FFB5-2C3E-4545-9660-742421AB222E}.Debug|x86.Build.0 = Debug|Any CPU
		{23D5FFB5-2C3E-4545-9660-742421AB222E}.Release|Any CPU.ActiveCfg = Release|Any CPU
		{23D5FFB5-2C3E-4545-9660-742421AB222E}.Release|Any CPU.Build.0 = Release|Any CPU
		{23D5FFB5-2C3E-4545-9660-742421AB222E}.Release|x64.ActiveCfg = Release|Any CPU
		{23D5FFB5-2C3E-4545-9660-742421AB222E}.Release|x64.Build.0 = Release|Any CPU
		{23D5FFB5-2C3E-4545-9660-742421AB222E}.Release|x86.ActiveCfg = Release|Any CPU
		{23D5FFB5-2C3E-4545-9660-742421AB222E}.Release|x86.Build.0 = Release|Any CPU
		{1D2784F7-B564-4E74-B91D-CE10B084BD41}.Debug|Any CPU.ActiveCfg = Debug|Any CPU
		{1D2784F7-B564-4E74-B91D-CE10B084BD41}.Debug|Any CPU.Build.0 = Debug|Any CPU
		{1D2784F7-B564-4E74-B91D-CE10B084BD41}.Debug|x64.ActiveCfg = Debug|Any CPU
		{1D2784F7-B564-4E74-B91D-CE10B084BD41}.Debug|x64.Build.0 = Debug|Any CPU
		{1D2784F7-B564-4E74-B91D-CE10B084BD41}.Debug|x86.ActiveCfg = Debug|Any CPU
		{1D2784F7-B564-4E74-B91D-CE10B084BD41}.Debug|x86.Build.0 = Debug|Any CPU
		{1D2784F7-B564-4E74-B91D-CE10B084BD41}.Release|Any CPU.ActiveCfg = Release|Any CPU
		{1D2784F7-B564-4E74-B91D-CE10B084BD41}.Release|Any CPU.Build.0 = Release|Any CPU
		{1D2784F7-B564-4E74-B91D-CE10B084BD41}.Release|x64.ActiveCfg = Release|Any CPU
		{1D2784F7-B564-4E74-B91D-CE10B084BD41}.Release|x64.Build.0 = Release|Any CPU
		{1D2784F7-B564-4E74-B91D-CE10B084BD41}.Release|x86.ActiveCfg = Release|Any CPU
		{1D2784F7-B564-4E74-B91D-CE10B084BD41}.Release|x86.Build.0 = Release|Any CPU
		{35ABF5C1-C3EE-47D8-BE49-57A5DD0278BB}.Debug|Any CPU.ActiveCfg = Debug|Any CPU
		{35ABF5C1-C3EE-47D8-BE49-57A5DD0278BB}.Debug|Any CPU.Build.0 = Debug|Any CPU
		{35ABF5C1-C3EE-47D8-BE49-57A5DD0278BB}.Debug|x64.ActiveCfg = Debug|Any CPU
		{35ABF5C1-C3EE-47D8-BE49-57A5DD0278BB}.Debug|x64.Build.0 = Debug|Any CPU
		{35ABF5C1-C3EE-47D8-BE49-57A5DD0278BB}.Debug|x86.ActiveCfg = Debug|Any CPU
		{35ABF5C1-C3EE-47D8-BE49-57A5DD0278BB}.Debug|x86.Build.0 = Debug|Any CPU
		{35ABF5C1-C3EE-47D8-BE49-57A5DD0278BB}.Release|Any CPU.ActiveCfg = Release|Any CPU
		{35ABF5C1-C3EE-47D8-BE49-57A5DD0278BB}.Release|Any CPU.Build.0 = Release|Any CPU
		{35ABF5C1-C3EE-47D8-BE49-57A5DD0278BB}.Release|x64.ActiveCfg = Release|Any CPU
		{35ABF5C1-C3EE-47D8-BE49-57A5DD0278BB}.Release|x64.Build.0 = Release|Any CPU
		{35ABF5C1-C3EE-47D8-BE49-57A5DD0278BB}.Release|x86.ActiveCfg = Release|Any CPU
		{35ABF5C1-C3EE-47D8-BE49-57A5DD0278BB}.Release|x86.Build.0 = Release|Any CPU
		{80D3EB34-4D63-4DF2-8E23-5899597DB4DD}.Debug|Any CPU.ActiveCfg = Debug|Any CPU
		{80D3EB34-4D63-4DF2-8E23-5899597DB4DD}.Debug|Any CPU.Build.0 = Debug|Any CPU
		{80D3EB34-4D63-4DF2-8E23-5899597DB4DD}.Debug|x64.ActiveCfg = Debug|Any CPU
		{80D3EB34-4D63-4DF2-8E23-5899597DB4DD}.Debug|x64.Build.0 = Debug|Any CPU
		{80D3EB34-4D63-4DF2-8E23-5899597DB4DD}.Debug|x86.ActiveCfg = Debug|Any CPU
		{80D3EB34-4D63-4DF2-8E23-5899597DB4DD}.Debug|x86.Build.0 = Debug|Any CPU
		{80D3EB34-4D63-4DF2-8E23-5899597DB4DD}.Release|Any CPU.ActiveCfg = Release|Any CPU
		{80D3EB34-4D63-4DF2-8E23-5899597DB4DD}.Release|Any CPU.Build.0 = Release|Any CPU
		{80D3EB34-4D63-4DF2-8E23-5899597DB4DD}.Release|x64.ActiveCfg = Release|Any CPU
		{80D3EB34-4D63-4DF2-8E23-5899597DB4DD}.Release|x64.Build.0 = Release|Any CPU
		{80D3EB34-4D63-4DF2-8E23-5899597DB4DD}.Release|x86.ActiveCfg = Release|Any CPU
		{80D3EB34-4D63-4DF2-8E23-5899597DB4DD}.Release|x86.Build.0 = Release|Any CPU
		{7219DDAD-D702-484E-8A87-0E8B79416D30}.Debug|Any CPU.ActiveCfg = Debug|Any CPU
		{7219DDAD-D702-484E-8A87-0E8B79416D30}.Debug|Any CPU.Build.0 = Debug|Any CPU
		{7219DDAD-D702-484E-8A87-0E8B79416D30}.Debug|x64.ActiveCfg = Debug|Any CPU
		{7219DDAD-D702-484E-8A87-0E8B79416D30}.Debug|x64.Build.0 = Debug|Any CPU
		{7219DDAD-D702-484E-8A87-0E8B79416D30}.Debug|x86.ActiveCfg = Debug|Any CPU
		{7219DDAD-D702-484E-8A87-0E8B79416D30}.Debug|x86.Build.0 = Debug|Any CPU
		{7219DDAD-D702-484E-8A87-0E8B79416D30}.Release|Any CPU.ActiveCfg = Release|Any CPU
		{7219DDAD-D702-484E-8A87-0E8B79416D30}.Release|Any CPU.Build.0 = Release|Any CPU
		{7219DDAD-D702-484E-8A87-0E8B79416D30}.Release|x64.ActiveCfg = Release|Any CPU
		{7219DDAD-D702-484E-8A87-0E8B79416D30}.Release|x64.Build.0 = Release|Any CPU
		{7219DDAD-D702-484E-8A87-0E8B79416D30}.Release|x86.ActiveCfg = Release|Any CPU
		{7219DDAD-D702-484E-8A87-0E8B79416D30}.Release|x86.Build.0 = Release|Any CPU
		{A9281320-7E8E-459F-8172-63FF88C246E7}.Debug|Any CPU.ActiveCfg = Debug|Any CPU
		{A9281320-7E8E-459F-8172-63FF88C246E7}.Debug|Any CPU.Build.0 = Debug|Any CPU
		{A9281320-7E8E-459F-8172-63FF88C246E7}.Debug|x64.ActiveCfg = Debug|Any CPU
		{A9281320-7E8E-459F-8172-63FF88C246E7}.Debug|x64.Build.0 = Debug|Any CPU
		{A9281320-7E8E-459F-8172-63FF88C246E7}.Debug|x86.ActiveCfg = Debug|Any CPU
		{A9281320-7E8E-459F-8172-63FF88C246E7}.Debug|x86.Build.0 = Debug|Any CPU
		{A9281320-7E8E-459F-8172-63FF88C246E7}.Release|Any CPU.ActiveCfg = Release|Any CPU
		{A9281320-7E8E-459F-8172-63FF88C246E7}.Release|Any CPU.Build.0 = Release|Any CPU
		{A9281320-7E8E-459F-8172-63FF88C246E7}.Release|x64.ActiveCfg = Release|Any CPU
		{A9281320-7E8E-459F-8172-63FF88C246E7}.Release|x64.Build.0 = Release|Any CPU
		{A9281320-7E8E-459F-8172-63FF88C246E7}.Release|x86.ActiveCfg = Release|Any CPU
		{A9281320-7E8E-459F-8172-63FF88C246E7}.Release|x86.Build.0 = Release|Any CPU
	EndGlobalSection
	GlobalSection(SolutionProperties) = preSolution
		HideSolutionNode = FALSE
	EndGlobalSection
EndGlobal
